# This file is automatically @generated by Cargo.
# It is not intended for manual editing.
version = 4

[[package]]
name = "bitflags"
version = "2.9.4"
source = "registry+https://github.com/rust-lang/crates.io-index"
checksum = "2261d10cca569e4643e526d8dc2e62e433cc8aba21ab764233731f8d369bf394"

[[package]]
name = "cfg-if"
version = "1.0.3"
source = "registry+https://github.com/rust-lang/crates.io-index"
checksum = "2fd1289c04a9ea8cb22300a459a72a385d7c73d3259e2ed7dcb2af674838cfa9"

[[package]]
name = "io-uring"
version = "0.7.10"
source = "registry+https://github.com/rust-lang/crates.io-index"
checksum = "046fa2d4d00aea763528b4950358d0ead425372445dc8ff86312b3c69ff7727b"
dependencies = [
 "bitflags",
 "cfg-if",
 "libc",
]

[[package]]
name = "libc"
version = "0.2.177"
source = "registry+https://github.com/rust-lang/crates.io-index"
checksum = "2874a2af47a2325c2001a6e6fad9b16a53b802102b528163885171cf92b15976"

[[package]]
name = "ur-io"
version = "0.1.0"
dependencies = [
 "io-uring",
 "libc",
]
